# This file is autogenerated, do not edit; changes may be undone by the next 'dep ensure'.


[[projects]]
  name = "github.com/pkg/errors"
  packages = ["."]
  revision = "645ef00459ed84a119197bfb8d8205042c6df63d"
  version = "v0.8.0"

[solve-meta]
  analyzer-name = "dep"
  analyzer-version = 1
  inputs-digest = "37d4fb629df131a5be0130f8edc11fedf13b7b74715777d815563e7802d8c639"
  solver-name = "gps-cdcl"
  solver-version = 1
