# This file is autogenerated, do not edit; changes may be undone by the next 'dep ensure'.


[[projects]]
  name = "github.com/pkg/errors"
  packages = ["."]
  revision = "645ef00459ed84a119197bfb8d8205042c6df63d"
  version = "v0.8.0"

[solve-meta]
  analyzer-name = "dep"
  analyzer-version = 1
  inputs-digest = "0133987913b98acb61845df2aef15e27bc5b0215e4a2f969d7ce43101e38e27c"
  solver-name = "gps-cdcl"
  solver-version = 1
